
Microsoft Visual Studio Solution File, Format Version 12.00
# Visual Studio Version 16
VisualStudioVersion = 16.0.32413.511
MinimumVisualStudioVersion = 10.0.40219.1
Project("{888888A0-9F3D-457C-B088-3A5042F75D52}") = "BrickBreaker", "BrickBreaker.pyproj", "{DD2A3356-AB4F-4863-B990-7CAD3AADD6D6}"
EndProject
Global
	GlobalSection(SolutionConfigurationPlatforms) = preSolution
		Debug|Any CPU = Debug|Any CPU
		Release|Any CPU = Release|Any CPU
	EndGlobalSection
	GlobalSection(ProjectConfigurationPlatforms) = postSolution
		{DD2A3356-AB4F-4863-B990-7CAD3AADD6D6}.Debug|Any CPU.ActiveCfg = Debug|Any CPU
		{DD2A3356-AB4F-4863-B990-7CAD3AADD6D6}.Release|Any CPU.ActiveCfg = Release|Any CPU
	EndGlobalSection
	GlobalSection(SolutionProperties) = preSolution
		HideSolutionNode = FALSE
	EndGlobalSection
	GlobalSection(ExtensibilityGlobals) = postSolution
		SolutionGuid = {F726158F-5A37-45DD-A3BE-4BFB3398F481}
	EndGlobalSection
EndGlobal
